
Microsoft Visual Studio Solution File, Format Version 12.00
# Visual Studio Version 17
VisualStudioVersion = 17.2.32616.157
MinimumVisualStudioVersion = 10.0.40219.1
Project("{FAE04EC0-301F-11D3-BF4B-00C04F79EFBC}") = "ExerciciosProfRomulo.MatematicaBasica", "ExerciciosProfRomulo.MatematicaBasica\ExerciciosProfRomulo.MatematicaBasica.csproj", "{BA1DC81E-3F76-487C-AF2D-6380641779A4}"
EndProject
Project("{FAE04EC0-301F-11D3-BF4B-00C04F79EFBC}") = "EscolinhaProfRomulo.EscolinhaTicTic", "EscolinhaProfRomulo.EscolinhaTicTic\EscolinhaProfRomulo.EscolinhaTicTic.csproj", "{96795549-42F0-4A97-951E-D3F7FB35AB0B}"
EndProject
Global
	GlobalSection(SolutionConfigurationPlatforms) = preSolution
		Debug|Any CPU = Debug|Any CPU
		Release|Any CPU = Release|Any CPU
	EndGlobalSection
	GlobalSection(ProjectConfigurationPlatforms) = postSolution
		{BA1DC81E-3F76-487C-AF2D-6380641779A4}.Debug|Any CPU.ActiveCfg = Debug|Any CPU
		{BA1DC81E-3F76-487C-AF2D-6380641779A4}.Debug|Any CPU.Build.0 = Debug|Any CPU
		{BA1DC81E-3F76-487C-AF2D-6380641779A4}.Release|Any CPU.ActiveCfg = Release|Any CPU
		{BA1DC81E-3F76-487C-AF2D-6380641779A4}.Release|Any CPU.Build.0 = Release|Any CPU
		{96795549-42F0-4A97-951E-D3F7FB35AB0B}.Debug|Any CPU.ActiveCfg = Debug|Any CPU
		{96795549-42F0-4A97-951E-D3F7FB35AB0B}.Debug|Any CPU.Build.0 = Debug|Any CPU
		{96795549-42F0-4A97-951E-D3F7FB35AB0B}.Release|Any CPU.ActiveCfg = Release|Any CPU
		{96795549-42F0-4A97-951E-D3F7FB35AB0B}.Release|Any CPU.Build.0 = Release|Any CPU
	EndGlobalSection
	GlobalSection(SolutionProperties) = preSolution
		HideSolutionNode = FALSE
	EndGlobalSection
	GlobalSection(ExtensibilityGlobals) = postSolution
		SolutionGuid = {A70D7517-6C91-43CA-B890-36CE4CCDD9A8}
	EndGlobalSection
EndGlobal
